# THIS IS AN AUTOGENERATED FILE. DO NOT EDIT THIS FILE DIRECTLY.
# yarn lockfile v1


framer-motion@^12.34.0:
  version "12.34.0"
  resolved "https://registry.yarnpkg.com/framer-motion/-/framer-motion-12.34.0.tgz#0cecdf015cc4cbee55bd53130d043137642a5ced"
  integrity sha512-+/H49owhzkzQyxtn7nZeF4kdH++I2FWrESQ184Zbcw5cEqNHYkE5yxWxcTLSj5lNx3NWdbIRy5FHqUvetD8FWg==
  dependencies:
    motion-dom "^12.34.0"
    motion-utils "^12.29.2"
    tslib "^2.4.0"

motion-dom@^12.34.0:
  version "12.34.0"
  resolved "https://registry.yarnpkg.com/motion-dom/-/motion-dom-12.34.0.tgz#d1776aaff750e09db66237c66daec31232a4cba8"
  integrity sha512-Lql3NuEcScRDxTAO6GgUsRHBZOWI/3fnMlkMcH5NftzcN37zJta+bpbMAV9px4Nj057TuvRooMK7QrzMCgtz6Q==
  dependencies:
    motion-utils "^12.29.2"

motion-utils@^12.29.2:
  version "12.29.2"
  resolved "https://registry.yarnpkg.com/motion-utils/-/motion-utils-12.29.2.tgz#8fdd28babe042c2456b078ab33b32daa3bf5938b"
  integrity sha512-G3kc34H2cX2gI63RqU+cZq+zWRRPSsNIOjpdl9TN4AQwC4sgwYPl/Q/Obf/d53nOm569T0fYK+tcoSV50BWx8A==

tslib@^2.4.0:
  version "2.8.1"
  resolved "https://registry.yarnpkg.com/tslib/-/tslib-2.8.1.tgz#612efe4ed235d567e8aba5f2a5fab70280ade83f"
  integrity sha512-oJFu94HQb+KVduSUQL7wnpmqnfmLsOA/nAh6b6EH0wCEoK0/mPeXU6c3wKDV83MkOuHPRHtSXKKU99IBazS/2w==
